
Microsoft Visual Studio Solution File, Format Version 12.00
Project("{FAE04EC0-301F-11D3-BF4B-00C04F79EFBC}") = "Lessons8_PageObject", "Lessons8_PageObject\Lessons8_PageObject.csproj", "{AF201E10-7E04-4433-804F-48D7429C7837}"
EndProject
Global
	GlobalSection(SolutionConfigurationPlatforms) = preSolution
		Debug|Any CPU = Debug|Any CPU
		Release|Any CPU = Release|Any CPU
	EndGlobalSection
	GlobalSection(ProjectConfigurationPlatforms) = postSolution
		{AF201E10-7E04-4433-804F-48D7429C7837}.Debug|Any CPU.ActiveCfg = Debug|Any CPU
		{AF201E10-7E04-4433-804F-48D7429C7837}.Debug|Any CPU.Build.0 = Debug|Any CPU
		{AF201E10-7E04-4433-804F-48D7429C7837}.Release|Any CPU.ActiveCfg = Release|Any CPU
		{AF201E10-7E04-4433-804F-48D7429C7837}.Release|Any CPU.Build.0 = Release|Any CPU
	EndGlobalSection
EndGlobal
