
Microsoft Visual Studio Solution File, Format Version 12.00
Project("{FAE04EC0-301F-11D3-BF4B-00C04F79EFBC}") = "Lessons12_Wrappers", "Lessons12_Wrappers\Lessons12_Wrappers.csproj", "{F7A595D3-6CB5-43FF-A29B-72D459DA5909}"
EndProject
Global
	GlobalSection(SolutionConfigurationPlatforms) = preSolution
		Debug|Any CPU = Debug|Any CPU
		Release|Any CPU = Release|Any CPU
	EndGlobalSection
	GlobalSection(ProjectConfigurationPlatforms) = postSolution
		{F7A595D3-6CB5-43FF-A29B-72D459DA5909}.Debug|Any CPU.ActiveCfg = Debug|Any CPU
		{F7A595D3-6CB5-43FF-A29B-72D459DA5909}.Debug|Any CPU.Build.0 = Debug|Any CPU
		{F7A595D3-6CB5-43FF-A29B-72D459DA5909}.Release|Any CPU.ActiveCfg = Release|Any CPU
		{F7A595D3-6CB5-43FF-A29B-72D459DA5909}.Release|Any CPU.Build.0 = Release|Any CPU
	EndGlobalSection
EndGlobal
