
Microsoft Visual Studio Solution File, Format Version 12.00
# 
Project("{FAE04EC0-301F-11D3-BF4B-00C04F79EFBC}") = "InheritanceAndOverriding", "InheritanceAndOverriding\InheritanceAndOverriding.csproj", "{03ECCB3C-B739-4BAD-80C6-31137C251807}"
EndProject
Project("{FAE04EC0-301F-11D3-BF4B-00C04F79EFBC}") = "Overloading", "Overloading\Overloading.csproj", "{1D39EA8D-152F-4C7A-8773-4AA29AAB6981}"
EndProject
Global
	GlobalSection(SolutionConfigurationPlatforms) = preSolution
		Debug|Any CPU = Debug|Any CPU
		Release|Any CPU = Release|Any CPU
	EndGlobalSection
	GlobalSection(ProjectConfigurationPlatforms) = postSolution
		{03ECCB3C-B739-4BAD-80C6-31137C251807}.Debug|Any CPU.ActiveCfg = Debug|Any CPU
		{03ECCB3C-B739-4BAD-80C6-31137C251807}.Debug|Any CPU.Build.0 = Debug|Any CPU
		{03ECCB3C-B739-4BAD-80C6-31137C251807}.Release|Any CPU.ActiveCfg = Release|Any CPU
		{03ECCB3C-B739-4BAD-80C6-31137C251807}.Release|Any CPU.Build.0 = Release|Any CPU
		{1D39EA8D-152F-4C7A-8773-4AA29AAB6981}.Debug|Any CPU.ActiveCfg = Debug|Any CPU
		{1D39EA8D-152F-4C7A-8773-4AA29AAB6981}.Debug|Any CPU.Build.0 = Debug|Any CPU
		{1D39EA8D-152F-4C7A-8773-4AA29AAB6981}.Release|Any CPU.ActiveCfg = Release|Any CPU
		{1D39EA8D-152F-4C7A-8773-4AA29AAB6981}.Release|Any CPU.Build.0 = Release|Any CPU
	EndGlobalSection
EndGlobal
